// !$*UTF8*$!
{
	archiveVersion = 1;
	classes = {
	};
	objectVersion = 42;
	objects = {

/* Begin PBXBuildFile section */
		1455BBC51F1E2163001422D2 /* InfoPlist.strings in Resources */ = {isa = PBXBuildFile; fileRef = 1455BBC11F1E2163001422D2 /* InfoPlist.strings */; };
		1455BBC61F1E2163001422D2 /* Localizable.strings in Resources */ = {isa = PBXBuildFile; fileRef = 1455BBC31F1E2163001422D2 /* Localizable.strings */; };
		1455BBC91F1E21DC001422D2 /* Palette.xib in Resources */ = {isa = PBXBuildFile; fileRef = 1455BBC71F1E21DC001422D2 /* Palette.xib */; };
		1455BBD21F1E2222001422D2 /* bvDefScaleRef.cpp in Sources */ = {isa = PBXBuildFile; fileRef = 1455BBD01F1E2222001422D2 /* bvDefScaleRef.cpp */; };
		1455BBD31F1E2222001422D2 /* bvDefScaleRef.h in Headers */ = {isa = PBXBuildFile; fileRef = 1455BBD11F1E2222001422D2 /* bvDefScaleRef.h */; };
		1455BBD81F1E241A001422D2 /* CocoaBundle_Prefix.pch in Headers */ = {isa = PBXBuildFile; fileRef = 1455BBD41F1E241A001422D2 /* CocoaBundle_Prefix.pch */; };
		1455BBD91F1E241A001422D2 /* CocoaStuff.h in Headers */ = {isa = PBXBuildFile; fileRef = 1455BBD51F1E241A001422D2 /* CocoaStuff.h */; };
		1455BBDA1F1E241A001422D2 /* ScaleRefWindowController.h in Headers */ = {isa = PBXBuildFile; fileRef = 1455BBD61F1E241A001422D2 /* ScaleRefWindowController.h */; };
		1455BBDB1F1E241A001422D2 /* ScaleRefWindowController.mm in Sources */ = {isa = PBXBuildFile; fileRef = 1455BBD71F1E241A001422D2 /* ScaleRefWindowController.mm */; };
		1455BBDD1F1E2489001422D2 /* Cocoa.framework in Frameworks */ = {isa = PBXBuildFile; fileRef = 1455BBDC1F1E2489001422D2 /* Cocoa.framework */; };
		1497571308C381270084C913 /* main.h in Headers */ = {isa = PBXBuildFile; fileRef = 1497571208C381270084C913 /* main.h */; };
		1497646308C5AAD400F9E7F8 /* vdef_lib.framework in Frameworks */ = {isa = PBXBuildFile; fileRef = 1497646208C5AAD400F9E7F8 /* vdef_lib.framework */; };
		1499702E0729169F00742B1A /* main.cpp in Sources */ = {isa = PBXBuildFile; fileRef = 1499702D0729169F00742B1A /* main.cpp */; };
		14A62BA10BC65E1C00EBA819 /* MacMapStats.framework in Frameworks */ = {isa = PBXBuildFile; fileRef = 14A62BA00BC65E1C00EBA819 /* MacMapStats.framework */; };
		14C29AF008C3851700E8920D /* mox_intf.framework in Frameworks */ = {isa = PBXBuildFile; fileRef = 14C29AEB08C3851700E8920D /* mox_intf.framework */; };
		14C29AF108C3851700E8920D /* std_ext.framework in Frameworks */ = {isa = PBXBuildFile; fileRef = 14C29AEC08C3851700E8920D /* std_ext.framework */; };
		14D479F7099B55C60049248A /* MacMapSuite.framework in Frameworks */ = {isa = PBXBuildFile; fileRef = 14D479F6099B55C60049248A /* MacMapSuite.framework */; };
		8D01CCCE0486CAD60068D4B7 /* Carbon.framework in Frameworks */ = {isa = PBXBuildFile; fileRef = 08EA7FFBFE8413EDC02AAC07 /* Carbon.framework */; };
/* End PBXBuildFile section */

/* Begin PBXFileReference section */
		08EA7FFBFE8413EDC02AAC07 /* Carbon.framework */ = {isa = PBXFileReference; lastKnownFileType = wrapper.framework; name = Carbon.framework; path = /System/Library/Frameworks/Carbon.framework; sourceTree = "<absolute>"; };
		1455BBC21F1E2163001422D2 /* fr */ = {isa = PBXFileReference; lastKnownFileType = text.plist.strings; name = fr; path = fr.lproj/InfoPlist.strings; sourceTree = "<group>"; };
		1455BBC41F1E2163001422D2 /* fr */ = {isa = PBXFileReference; lastKnownFileType = text.plist.strings; name = fr; path = fr.lproj/Localizable.strings; sourceTree = "<group>"; };
		1455BBC81F1E21DC001422D2 /* fr */ = {isa = PBXFileReference; lastKnownFileType = file.xib; name = fr; path = fr.lproj/Palette.xib; sourceTree = "<group>"; };
		1455BBCA1F1E21E4001422D2 /* en */ = {isa = PBXFileReference; lastKnownFileType = text.plist.strings; name = en; path = en.lproj/Localizable.strings; sourceTree = "<group>"; };
		1455BBCB1F1E21E6001422D2 /* it */ = {isa = PBXFileReference; lastKnownFileType = text.plist.strings; name = it; path = it.lproj/Localizable.strings; sourceTree = "<group>"; };
		1455BBCC1F1E21FC001422D2 /* en */ = {isa = PBXFileReference; lastKnownFileType = text.plist.strings; name = en; path = en.lproj/InfoPlist.strings; sourceTree = "<group>"; };
		1455BBCD1F1E21FE001422D2 /* it */ = {isa = PBXFileReference; lastKnownFileType = text.plist.strings; name = it; path = it.lproj/InfoPlist.strings; sourceTree = "<group>"; };
		1455BBCE1F1E2206001422D2 /* en */ = {isa = PBXFileReference; lastKnownFileType = file.xib; name = en; path = en.lproj/Palette.xib; sourceTree = "<group>"; };
		1455BBCF1F1E2208001422D2 /* it */ = {isa = PBXFileReference; lastKnownFileType = file.xib; name = it; path = it.lproj/Palette.xib; sourceTree = "<group>"; };
		1455BBD01F1E2222001422D2 /* bvDefScaleRef.cpp */ = {isa = PBXFileReference; fileEncoding = 4; lastKnownFileType = sourcecode.cpp.cpp; path = bvDefScaleRef.cpp; sourceTree = "<group>"; };
		1455BBD11F1E2222001422D2 /* bvDefScaleRef.h */ = {isa = PBXFileReference; fileEncoding = 4; lastKnownFileType = sourcecode.c.h; path = bvDefScaleRef.h; sourceTree = "<group>"; };
		1455BBD41F1E241A001422D2 /* CocoaBundle_Prefix.pch */ = {isa = PBXFileReference; fileEncoding = 4; lastKnownFileType = sourcecode.c.h; path = CocoaBundle_Prefix.pch; sourceTree = "<group>"; };
		1455BBD51F1E241A001422D2 /* CocoaStuff.h */ = {isa = PBXFileReference; fileEncoding = 4; lastKnownFileType = sourcecode.c.h; path = CocoaStuff.h; sourceTree = "<group>"; };
		1455BBD61F1E241A001422D2 /* ScaleRefWindowController.h */ = {isa = PBXFileReference; fileEncoding = 4; lastKnownFileType = sourcecode.c.h; path = ScaleRefWindowController.h; sourceTree = "<group>"; };
		1455BBD71F1E241A001422D2 /* ScaleRefWindowController.mm */ = {isa = PBXFileReference; fileEncoding = 4; lastKnownFileType = sourcecode.cpp.objcpp; path = ScaleRefWindowController.mm; sourceTree = "<group>"; };
		1455BBDC1F1E2489001422D2 /* Cocoa.framework */ = {isa = PBXFileReference; lastKnownFileType = wrapper.framework; name = Cocoa.framework; path = System/Library/Frameworks/Cocoa.framework; sourceTree = SDKROOT; };
		1497571208C381270084C913 /* main.h */ = {isa = PBXFileReference; fileEncoding = 4; lastKnownFileType = sourcecode.c.h; path = main.h; sourceTree = "<group>"; };
		1497646208C5AAD400F9E7F8 /* vdef_lib.framework */ = {isa = PBXFileReference; lastKnownFileType = wrapper.framework; name = vdef_lib.framework; path = "../../../../Applis/Current/MacMap®/build/Release/vdef_lib.framework"; sourceTree = SOURCE_ROOT; };
		1499702D0729169F00742B1A /* main.cpp */ = {isa = PBXFileReference; fileEncoding = 30; lastKnownFileType = sourcecode.cpp.cpp; path = main.cpp; sourceTree = "<group>"; };
		14A62BA00BC65E1C00EBA819 /* MacMapStats.framework */ = {isa = PBXFileReference; lastKnownFileType = wrapper.framework; name = MacMapStats.framework; path = /Library/Frameworks/MacMapStats.framework; sourceTree = "<absolute>"; };
		14C29AEB08C3851700E8920D /* mox_intf.framework */ = {isa = PBXFileReference; lastKnownFileType = wrapper.framework; name = mox_intf.framework; path = "../../../../Applis/Current/MacMap®/build/Release/mox_intf.framework"; sourceTree = SOURCE_ROOT; };
		14C29AEC08C3851700E8920D /* std_ext.framework */ = {isa = PBXFileReference; lastKnownFileType = wrapper.framework; name = std_ext.framework; path = "../../../../Applis/Current/MacMap®/build/Release/std_ext.framework"; sourceTree = SOURCE_ROOT; };
		14D479F6099B55C60049248A /* MacMapSuite.framework */ = {isa = PBXFileReference; lastKnownFileType = wrapper.framework; name = MacMapSuite.framework; path = /Library/Frameworks/MacMapSuite.framework; sourceTree = "<absolute>"; };
		8D01CCD10486CAD60068D4B7 /* Info.plist */ = {isa = PBXFileReference; fileEncoding = 4; lastKnownFileType = text.plist; path = Info.plist; sourceTree = "<group>"; };
		8D01CCD20486CAD60068D4B7 /* vDefScaleRef.bundle */ = {isa = PBXFileReference; explicitFileType = wrapper.cfbundle; includeInIndex = 0; path = vDefScaleRef.bundle; sourceTree = BUILT_PRODUCTS_DIR; };
/* End PBXFileReference section */

/* Begin PBXFrameworksBuildPhase section */
		8D01CCCD0486CAD60068D4B7 /* Frameworks */ = {
			isa = PBXFrameworksBuildPhase;
			buildActionMask = 2147483647;
			files = (
				1455BBDD1F1E2489001422D2 /* Cocoa.framework in Frameworks */,
				8D01CCCE0486CAD60068D4B7 /* Carbon.framework in Frameworks */,
				14C29AF008C3851700E8920D /* mox_intf.framework in Frameworks */,
				14C29AF108C3851700E8920D /* std_ext.framework in Frameworks */,
				1497646308C5AAD400F9E7F8 /* vdef_lib.framework in Frameworks */,
				14D479F7099B55C60049248A /* MacMapSuite.framework in Frameworks */,
				14A62BA10BC65E1C00EBA819 /* MacMapStats.framework in Frameworks */,
			);
			runOnlyForDeploymentPostprocessing = 0;
		};
/* End PBXFrameworksBuildPhase section */

/* Begin PBXGroup section */
		089C166AFE841209C02AAC07 /* Template */ = {
			isa = PBXGroup;
			children = (
				08FB77ADFE841716C02AAC07 /* Source */,
				089C167CFE841241C02AAC07 /* Resources */,
				089C1671FE841209C02AAC07 /* External Frameworks and Libraries */,
				19C28FB4FE9D528D11CA2CBB /* Products */,
			);
			name = Template;
			sourceTree = "<group>";
		};
		089C1671FE841209C02AAC07 /* External Frameworks and Libraries */ = {
			isa = PBXGroup;
			children = (
				1455BBDC1F1E2489001422D2 /* Cocoa.framework */,
				14A62BA00BC65E1C00EBA819 /* MacMapStats.framework */,
				14D479F6099B55C60049248A /* MacMapSuite.framework */,
				14C29AEB08C3851700E8920D /* mox_intf.framework */,
				14C29AEC08C3851700E8920D /* std_ext.framework */,
				1497646208C5AAD400F9E7F8 /* vdef_lib.framework */,
				08EA7FFBFE8413EDC02AAC07 /* Carbon.framework */,
			);
			name = "External Frameworks and Libraries";
			sourceTree = "<group>";
		};
		089C167CFE841241C02AAC07 /* Resources */ = {
			isa = PBXGroup;
			children = (
				8D01CCD10486CAD60068D4B7 /* Info.plist */,
				1455BBC11F1E2163001422D2 /* InfoPlist.strings */,
				1455BBC31F1E2163001422D2 /* Localizable.strings */,
				1455BBC71F1E21DC001422D2 /* Palette.xib */,
			);
			name = Resources;
			sourceTree = "<group>";
		};
		08FB77ADFE841716C02AAC07 /* Source */ = {
			isa = PBXGroup;
			children = (
				1455BBD41F1E241A001422D2 /* CocoaBundle_Prefix.pch */,
				1455BBD51F1E241A001422D2 /* CocoaStuff.h */,
				1455BBD61F1E241A001422D2 /* ScaleRefWindowController.h */,
				1455BBD71F1E241A001422D2 /* ScaleRefWindowController.mm */,
				1455BBD01F1E2222001422D2 /* bvDefScaleRef.cpp */,
				1455BBD11F1E2222001422D2 /* bvDefScaleRef.h */,
				1499702D0729169F00742B1A /* main.cpp */,
				1497571208C381270084C913 /* main.h */,
			);
			name = Source;
			sourceTree = "<group>";
		};
		19C28FB4FE9D528D11CA2CBB /* Products */ = {
			isa = PBXGroup;
			children = (
				8D01CCD20486CAD60068D4B7 /* vDefScaleRef.bundle */,
			);
			name = Products;
			sourceTree = "<group>";
		};
/* End PBXGroup section */

/* Begin PBXHeadersBuildPhase section */
		8D01CCC70486CAD60068D4B7 /* Headers */ = {
			isa = PBXHeadersBuildPhase;
			buildActionMask = 2147483647;
			files = (
				1455BBD31F1E2222001422D2 /* bvDefScaleRef.h in Headers */,
				1455BBD91F1E241A001422D2 /* CocoaStuff.h in Headers */,
				1497571308C381270084C913 /* main.h in Headers */,
				1455BBD81F1E241A001422D2 /* CocoaBundle_Prefix.pch in Headers */,
				1455BBDA1F1E241A001422D2 /* ScaleRefWindowController.h in Headers */,
			);
			runOnlyForDeploymentPostprocessing = 0;
		};
/* End PBXHeadersBuildPhase section */

/* Begin PBXNativeTarget section */
		8D01CCC60486CAD60068D4B7 /* vDefScaleRef */ = {
			isa = PBXNativeTarget;
			buildConfigurationList = 1497562008C380AF0084C913 /* Build configuration list for PBXNativeTarget "vDefScaleRef" */;
			buildPhases = (
				8D01CCC70486CAD60068D4B7 /* Headers */,
				8D01CCC90486CAD60068D4B7 /* Resources */,
				8D01CCCB0486CAD60068D4B7 /* Sources */,
				8D01CCCD0486CAD60068D4B7 /* Frameworks */,
				8D01CCCF0486CAD60068D4B7 /* Rez */,
			);
			buildRules = (
			);
			dependencies = (
			);
			name = vDefScaleRef;
			productInstallPath = "$(HOME)/Library/Bundles";
			productName = Template;
			productReference = 8D01CCD20486CAD60068D4B7 /* vDefScaleRef.bundle */;
			productType = "com.apple.product-type.bundle";
		};
/* End PBXNativeTarget section */

/* Begin PBXProject section */
		089C1669FE841209C02AAC07 /* Project object */ = {
			isa = PBXProject;
			attributes = {
			};
			buildConfigurationList = 1497562408C380AF0084C913 /* Build configuration list for PBXProject "vDefScaleRef" */;
			compatibilityVersion = "Xcode 2.4";
			developmentRegion = en;
			hasScannedForEncodings = 1;
			knownRegions = (
				fr,
				en,
				it,
			);
			mainGroup = 089C166AFE841209C02AAC07 /* Template */;
			projectDirPath = "";
			projectRoot = "";
			targets = (
				8D01CCC60486CAD60068D4B7 /* vDefScaleRef */,
			);
		};
/* End PBXProject section */

/* Begin PBXResourcesBuildPhase section */
		8D01CCC90486CAD60068D4B7 /* Resources */ = {
			isa = PBXResourcesBuildPhase;
			buildActionMask = 2147483647;
			files = (
				1455BBC51F1E2163001422D2 /* InfoPlist.strings in Resources */,
				1455BBC91F1E21DC001422D2 /* Palette.xib in Resources */,
				1455BBC61F1E2163001422D2 /* Localizable.strings in Resources */,
			);
			runOnlyForDeploymentPostprocessing = 0;
		};
/* End PBXResourcesBuildPhase section */

/* Begin PBXRezBuildPhase section */
		8D01CCCF0486CAD60068D4B7 /* Rez */ = {
			isa = PBXRezBuildPhase;
			buildActionMask = 2147483647;
			files = (
			);
			runOnlyForDeploymentPostprocessing = 0;
		};
/* End PBXRezBuildPhase section */

/* Begin PBXSourcesBuildPhase section */
		8D01CCCB0486CAD60068D4B7 /* Sources */ = {
			isa = PBXSourcesBuildPhase;
			buildActionMask = 2147483647;
			files = (
				1455BBD21F1E2222001422D2 /* bvDefScaleRef.cpp in Sources */,
				1499702E0729169F00742B1A /* main.cpp in Sources */,
				1455BBDB1F1E241A001422D2 /* ScaleRefWindowController.mm in Sources */,
			);
			runOnlyForDeploymentPostprocessing = 0;
		};
/* End PBXSourcesBuildPhase section */

/* Begin PBXVariantGroup section */
		1455BBC11F1E2163001422D2 /* InfoPlist.strings */ = {
			isa = PBXVariantGroup;
			children = (
				1455BBC21F1E2163001422D2 /* fr */,
				1455BBCC1F1E21FC001422D2 /* en */,
				1455BBCD1F1E21FE001422D2 /* it */,
			);
			name = InfoPlist.strings;
			sourceTree = "<group>";
		};
		1455BBC31F1E2163001422D2 /* Localizable.strings */ = {
			isa = PBXVariantGroup;
			children = (
				1455BBC41F1E2163001422D2 /* fr */,
				1455BBCA1F1E21E4001422D2 /* en */,
				1455BBCB1F1E21E6001422D2 /* it */,
			);
			name = Localizable.strings;
			sourceTree = "<group>";
		};
		1455BBC71F1E21DC001422D2 /* Palette.xib */ = {
			isa = PBXVariantGroup;
			children = (
				1455BBC81F1E21DC001422D2 /* fr */,
				1455BBCE1F1E2206001422D2 /* en */,
				1455BBCF1F1E2208001422D2 /* it */,
			);
			name = Palette.xib;
			sourceTree = "<group>";
		};
/* End PBXVariantGroup section */

/* Begin XCBuildConfiguration section */
		1497562208C380AF0084C913 /* Release */ = {
			isa = XCBuildConfiguration;
			buildSettings = {
				ARCHS = "$(ARCHS_STANDARD)";
				COPY_PHASE_STRIP = YES;
				DEPLOYMENT_LOCATION = NO;
				FRAMEWORK_SEARCH_PATHS = (
					"$(SRCROOT)/../../../../Applis/Current/MacMap®/build/Release",
					"$(LOCAL_LIBRARY_DIR)/Frameworks",
				);
				GCC_ENABLE_FIX_AND_CONTINUE = NO;
				GCC_ENABLE_TRIGRAPHS = NO;
				GCC_GENERATE_DEBUGGING_SYMBOLS = NO;
				GCC_PRECOMPILE_PREFIX_HEADER = YES;
				GCC_PREFIX_HEADER = CocoaBundle_Prefix.pch;
				GCC_WARN_ABOUT_MISSING_PROTOTYPES = NO;
				GCC_WARN_FOUR_CHARACTER_CONSTANTS = NO;
				GCC_WARN_UNKNOWN_PRAGMAS = NO;
				GENERATE_PKGINFO_FILE = YES;
				HEADER_SEARCH_PATHS = (
					"$(inherited)",
					"$(SDKROOT)/usr/include/libxml2",
				);
				INFOPLIST_FILE = Info.plist;
				INSTALL_PATH = ../../build;
				LIBRARY_SEARCH_PATHS = "";
				LIBRARY_STYLE = Bundle;
				OBJROOT = ../../build;
				OTHER_CFLAGS = "";
				OTHER_LDFLAGS = "";
				OTHER_REZFLAGS = "";
				PRODUCT_NAME = vDefScaleRef;
				SDKROOT = macosx10.12;
				SECTORDER_FLAGS = "";
				SKIP_INSTALL = YES;
				SYMROOT = ../../build;
				WARNING_CFLAGS = (
					"-Wmost",
					"-Wno-four-char-constants",
					"-Wno-unknown-pragmas",
				);
				WRAPPER_EXTENSION = bundle;
				ZERO_LINK = NO;
			};
			name = Release;
		};
		1497562608C380AF0084C913 /* Release */ = {
			isa = XCBuildConfiguration;
			buildSettings = {
				MACOSX_DEPLOYMENT_TARGET = 10.12;
				SDKROOT = macosx10.12;
			};
			name = Release;
		};
/* End XCBuildConfiguration section */

/* Begin XCConfigurationList section */
		1497562008C380AF0084C913 /* Build configuration list for PBXNativeTarget "vDefScaleRef" */ = {
			isa = XCConfigurationList;
			buildConfigurations = (
				1497562208C380AF0084C913 /* Release */,
			);
			defaultConfigurationIsVisible = 0;
			defaultConfigurationName = Release;
		};
		1497562408C380AF0084C913 /* Build configuration list for PBXProject "vDefScaleRef" */ = {
			isa = XCConfigurationList;
			buildConfigurations = (
				1497562608C380AF0084C913 /* Release */,
			);
			defaultConfigurationIsVisible = 0;
			defaultConfigurationName = Release;
		};
/* End XCConfigurationList section */
	};
	rootObject = 089C1669FE841209C02AAC07 /* Project object */;
}
