// !$*UTF8*$!
{
	archiveVersion = 1;
	classes = {
	};
	objectVersion = 42;
	objects = {

/* Begin PBXBuildFile section */
		143C34B01420B010001A9C39 /* bXBoxOri.cpp in Sources */ = {isa = PBXBuildFile; fileRef = 143C34AC1420B010001A9C39 /* bXBoxOri.cpp */; };
		143C34B11420B010001A9C39 /* OriWindowController.mm in Sources */ = {isa = PBXBuildFile; fileRef = 143C34AF1420B010001A9C39 /* OriWindowController.mm */; };
		143D74D518FBD4BC0098EB5D /* Palette.xib in Resources */ = {isa = PBXBuildFile; fileRef = 143D74D418FBD4BC0098EB5D /* Palette.xib */; };
		14A6BF4012C21B3600E6FBDB /* QuartzCore.framework in Frameworks */ = {isa = PBXBuildFile; fileRef = 14A6BF3F12C21B3600E6FBDB /* QuartzCore.framework */; };
		14B168E3142335390017A945 /* ic01.png in Resources */ = {isa = PBXBuildFile; fileRef = 14B168E0142335390017A945 /* ic01.png */; };
		14B168E4142335390017A945 /* ic02.png in Resources */ = {isa = PBXBuildFile; fileRef = 14B168E1142335390017A945 /* ic02.png */; };
		14B168E5142335390017A945 /* ic03.png in Resources */ = {isa = PBXBuildFile; fileRef = 14B168E2142335390017A945 /* ic03.png */; };
		14C3363E0E0BED6300E8813A /* InfoPlist.strings in Resources */ = {isa = PBXBuildFile; fileRef = 14C3363C0E0BED6300E8813A /* InfoPlist.strings */; };
		14CA52E90DF9640E0080DF70 /* xmap_lib.framework in Frameworks */ = {isa = PBXBuildFile; fileRef = 14CA52E80DF9640E0080DF70 /* xmap_lib.framework */; };
		14CA540D0DF9642C0080DF70 /* std_ext.framework in Frameworks */ = {isa = PBXBuildFile; fileRef = 14CA540C0DF9642C0080DF70 /* std_ext.framework */; };
		14CA54330DF964320080DF70 /* mox_intf.framework in Frameworks */ = {isa = PBXBuildFile; fileRef = 14CA54320DF964320080DF70 /* mox_intf.framework */; };
		14CA54380DF964990080DF70 /* main.cpp in Sources */ = {isa = PBXBuildFile; fileRef = 14CA54360DF964990080DF70 /* main.cpp */; };
		14CA54550DF967F30080DF70 /* MacMapStats.framework in Frameworks */ = {isa = PBXBuildFile; fileRef = 14CA54530DF967F30080DF70 /* MacMapStats.framework */; };
		14CA54560DF967F30080DF70 /* MacMapSuite.framework in Frameworks */ = {isa = PBXBuildFile; fileRef = 14CA54540DF967F30080DF70 /* MacMapSuite.framework */; };
		14EFCE261292E8730038AAD4 /* Carbon.framework in Frameworks */ = {isa = PBXBuildFile; fileRef = 14EFCE251292E8730038AAD4 /* Carbon.framework */; };
		8D5B49B4048680CD000E48DA /* Cocoa.framework in Frameworks */ = {isa = PBXBuildFile; fileRef = 1058C7ADFEA557BF11CA2CBB /* Cocoa.framework */; };
/* End PBXBuildFile section */

/* Begin PBXFileReference section */
		089C1672FE841209C02AAC07 /* Foundation.framework */ = {isa = PBXFileReference; lastKnownFileType = wrapper.framework; name = Foundation.framework; path = /System/Library/Frameworks/Foundation.framework; sourceTree = "<absolute>"; };
		089C167FFE841241C02AAC07 /* AppKit.framework */ = {isa = PBXFileReference; lastKnownFileType = wrapper.framework; name = AppKit.framework; path = /System/Library/Frameworks/AppKit.framework; sourceTree = "<absolute>"; };
		1058C7ADFEA557BF11CA2CBB /* Cocoa.framework */ = {isa = PBXFileReference; lastKnownFileType = wrapper.framework; name = Cocoa.framework; path = /System/Library/Frameworks/Cocoa.framework; sourceTree = "<absolute>"; };
		143C34AC1420B010001A9C39 /* bXBoxOri.cpp */ = {isa = PBXFileReference; fileEncoding = 4; lastKnownFileType = sourcecode.cpp.cpp; path = bXBoxOri.cpp; sourceTree = "<group>"; };
		143C34AD1420B010001A9C39 /* bXBoxOri.h */ = {isa = PBXFileReference; fileEncoding = 4; lastKnownFileType = sourcecode.c.h; path = bXBoxOri.h; sourceTree = "<group>"; };
		143C34AE1420B010001A9C39 /* OriWindowController.h */ = {isa = PBXFileReference; fileEncoding = 4; lastKnownFileType = sourcecode.c.h; path = OriWindowController.h; sourceTree = "<group>"; };
		143C34AF1420B010001A9C39 /* OriWindowController.mm */ = {isa = PBXFileReference; fileEncoding = 4; lastKnownFileType = sourcecode.cpp.objcpp; path = OriWindowController.mm; sourceTree = "<group>"; };
		143C35991420DB73001A9C39 /* English */ = {isa = PBXFileReference; fileEncoding = 4; lastKnownFileType = text.plist.strings; name = English; path = English.lproj/InfoPlist.strings; sourceTree = "<group>"; };
		143C359B1420DB73001A9C39 /* Italian */ = {isa = PBXFileReference; fileEncoding = 4; lastKnownFileType = text.plist.strings; name = Italian; path = Italian.lproj/InfoPlist.strings; sourceTree = "<group>"; };
		143D74D418FBD4BC0098EB5D /* Palette.xib */ = {isa = PBXFileReference; lastKnownFileType = file.xib; path = Palette.xib; sourceTree = "<group>"; };
		14A6BF3F12C21B3600E6FBDB /* QuartzCore.framework */ = {isa = PBXFileReference; lastKnownFileType = wrapper.framework; name = QuartzCore.framework; path = System/Library/Frameworks/QuartzCore.framework; sourceTree = SDKROOT; };
		14B168E0142335390017A945 /* ic01.png */ = {isa = PBXFileReference; lastKnownFileType = image.png; path = ic01.png; sourceTree = "<group>"; };
		14B168E1142335390017A945 /* ic02.png */ = {isa = PBXFileReference; lastKnownFileType = image.png; path = ic02.png; sourceTree = "<group>"; };
		14B168E2142335390017A945 /* ic03.png */ = {isa = PBXFileReference; lastKnownFileType = image.png; path = ic03.png; sourceTree = "<group>"; };
		14C3363D0E0BED6300E8813A /* French */ = {isa = PBXFileReference; fileEncoding = 4; lastKnownFileType = text.plist.strings; name = French; path = French.lproj/InfoPlist.strings; sourceTree = "<group>"; };
		14CA52E80DF9640E0080DF70 /* xmap_lib.framework */ = {isa = PBXFileReference; lastKnownFileType = wrapper.framework; name = xmap_lib.framework; path = "../../../../Applis/Current/MacMap®/build/Release/xmap_lib.framework"; sourceTree = SOURCE_ROOT; };
		14CA540C0DF9642C0080DF70 /* std_ext.framework */ = {isa = PBXFileReference; lastKnownFileType = wrapper.framework; name = std_ext.framework; path = "../../../../Applis/Current/MacMap®/build/Release/std_ext.framework"; sourceTree = SOURCE_ROOT; };
		14CA54320DF964320080DF70 /* mox_intf.framework */ = {isa = PBXFileReference; lastKnownFileType = wrapper.framework; name = mox_intf.framework; path = "../../../../Applis/Current/MacMap®/build/Release/mox_intf.framework"; sourceTree = SOURCE_ROOT; };
		14CA54360DF964990080DF70 /* main.cpp */ = {isa = PBXFileReference; fileEncoding = 4; lastKnownFileType = sourcecode.cpp.cpp; path = main.cpp; sourceTree = "<group>"; };
		14CA54370DF964990080DF70 /* main.h */ = {isa = PBXFileReference; fileEncoding = 4; lastKnownFileType = sourcecode.c.h; path = main.h; sourceTree = "<group>"; };
		14CA54530DF967F30080DF70 /* MacMapStats.framework */ = {isa = PBXFileReference; lastKnownFileType = wrapper.framework; name = MacMapStats.framework; path = /Library/Frameworks/MacMapStats.framework; sourceTree = "<absolute>"; };
		14CA54540DF967F30080DF70 /* MacMapSuite.framework */ = {isa = PBXFileReference; lastKnownFileType = wrapper.framework; name = MacMapSuite.framework; path = /Library/Frameworks/MacMapSuite.framework; sourceTree = "<absolute>"; };
		14CA57C20DF973C30080DF70 /* CocoaStuff.h */ = {isa = PBXFileReference; fileEncoding = 4; lastKnownFileType = sourcecode.c.h; path = CocoaStuff.h; sourceTree = "<group>"; };
		14EFCE251292E8730038AAD4 /* Carbon.framework */ = {isa = PBXFileReference; lastKnownFileType = wrapper.framework; name = Carbon.framework; path = System/Library/Frameworks/Carbon.framework; sourceTree = SDKROOT; };
		32DBCF630370AF2F00C91783 /* CocoaBundle_Prefix.pch */ = {isa = PBXFileReference; fileEncoding = 4; lastKnownFileType = sourcecode.c.h; path = CocoaBundle_Prefix.pch; sourceTree = "<group>"; };
		8D5B49B6048680CD000E48DA /* XBoxOri.bundle */ = {isa = PBXFileReference; explicitFileType = wrapper.cfbundle; includeInIndex = 0; path = XBoxOri.bundle; sourceTree = BUILT_PRODUCTS_DIR; };
		8D5B49B7048680CD000E48DA /* Info.plist */ = {isa = PBXFileReference; fileEncoding = 4; lastKnownFileType = text.plist.xml; path = Info.plist; sourceTree = "<group>"; };
		D2F7E65807B2D6F200F64583 /* CoreData.framework */ = {isa = PBXFileReference; lastKnownFileType = wrapper.framework; name = CoreData.framework; path = /System/Library/Frameworks/CoreData.framework; sourceTree = "<absolute>"; };
/* End PBXFileReference section */

/* Begin PBXFrameworksBuildPhase section */
		8D5B49B3048680CD000E48DA /* Frameworks */ = {
			isa = PBXFrameworksBuildPhase;
			buildActionMask = 2147483647;
			files = (
				8D5B49B4048680CD000E48DA /* Cocoa.framework in Frameworks */,
				14CA52E90DF9640E0080DF70 /* xmap_lib.framework in Frameworks */,
				14CA540D0DF9642C0080DF70 /* std_ext.framework in Frameworks */,
				14CA54330DF964320080DF70 /* mox_intf.framework in Frameworks */,
				14CA54550DF967F30080DF70 /* MacMapStats.framework in Frameworks */,
				14CA54560DF967F30080DF70 /* MacMapSuite.framework in Frameworks */,
				14EFCE261292E8730038AAD4 /* Carbon.framework in Frameworks */,
				14A6BF4012C21B3600E6FBDB /* QuartzCore.framework in Frameworks */,
			);
			runOnlyForDeploymentPostprocessing = 0;
		};
/* End PBXFrameworksBuildPhase section */

/* Begin PBXGroup section */
		089C166AFE841209C02AAC07 /* CocoaBundle */ = {
			isa = PBXGroup;
			children = (
				08FB77AFFE84173DC02AAC07 /* Classes */,
				32C88E010371C26100C91783 /* Other Sources */,
				089C167CFE841241C02AAC07 /* Resources */,
				089C1671FE841209C02AAC07 /* Frameworks and Libraries */,
				19C28FB8FE9D52D311CA2CBB /* Products */,
			);
			name = CocoaBundle;
			sourceTree = "<group>";
		};
		089C1671FE841209C02AAC07 /* Frameworks and Libraries */ = {
			isa = PBXGroup;
			children = (
				1058C7ACFEA557BF11CA2CBB /* Linked Frameworks */,
				1058C7AEFEA557BF11CA2CBB /* Other Frameworks */,
			);
			name = "Frameworks and Libraries";
			sourceTree = "<group>";
		};
		089C167CFE841241C02AAC07 /* Resources */ = {
			isa = PBXGroup;
			children = (
				143D74D418FBD4BC0098EB5D /* Palette.xib */,
				8D5B49B7048680CD000E48DA /* Info.plist */,
				14C3363C0E0BED6300E8813A /* InfoPlist.strings */,
				143C353B1420CC81001A9C39 /* Images */,
			);
			name = Resources;
			sourceTree = "<group>";
		};
		08FB77AFFE84173DC02AAC07 /* Classes */ = {
			isa = PBXGroup;
			children = (
				14CA54370DF964990080DF70 /* main.h */,
				14CA54360DF964990080DF70 /* main.cpp */,
				143C34AC1420B010001A9C39 /* bXBoxOri.cpp */,
				143C34AD1420B010001A9C39 /* bXBoxOri.h */,
				14CA57C20DF973C30080DF70 /* CocoaStuff.h */,
				143C34AE1420B010001A9C39 /* OriWindowController.h */,
				143C34AF1420B010001A9C39 /* OriWindowController.mm */,
			);
			name = Classes;
			sourceTree = "<group>";
		};
		1058C7ACFEA557BF11CA2CBB /* Linked Frameworks */ = {
			isa = PBXGroup;
			children = (
				14A6BF3F12C21B3600E6FBDB /* QuartzCore.framework */,
				1058C7ADFEA557BF11CA2CBB /* Cocoa.framework */,
			);
			name = "Linked Frameworks";
			sourceTree = "<group>";
		};
		1058C7AEFEA557BF11CA2CBB /* Other Frameworks */ = {
			isa = PBXGroup;
			children = (
				14CA54530DF967F30080DF70 /* MacMapStats.framework */,
				14CA54540DF967F30080DF70 /* MacMapSuite.framework */,
				089C167FFE841241C02AAC07 /* AppKit.framework */,
				D2F7E65807B2D6F200F64583 /* CoreData.framework */,
				089C1672FE841209C02AAC07 /* Foundation.framework */,
				14CA54320DF964320080DF70 /* mox_intf.framework */,
				14CA540C0DF9642C0080DF70 /* std_ext.framework */,
				14CA52E80DF9640E0080DF70 /* xmap_lib.framework */,
				14EFCE251292E8730038AAD4 /* Carbon.framework */,
			);
			name = "Other Frameworks";
			sourceTree = "<group>";
		};
		143C353B1420CC81001A9C39 /* Images */ = {
			isa = PBXGroup;
			children = (
				14B168E0142335390017A945 /* ic01.png */,
				14B168E1142335390017A945 /* ic02.png */,
				14B168E2142335390017A945 /* ic03.png */,
			);
			path = Images;
			sourceTree = "<group>";
		};
		19C28FB8FE9D52D311CA2CBB /* Products */ = {
			isa = PBXGroup;
			children = (
				8D5B49B6048680CD000E48DA /* XBoxOri.bundle */,
			);
			name = Products;
			sourceTree = "<group>";
		};
		32C88E010371C26100C91783 /* Other Sources */ = {
			isa = PBXGroup;
			children = (
				32DBCF630370AF2F00C91783 /* CocoaBundle_Prefix.pch */,
			);
			name = "Other Sources";
			sourceTree = "<group>";
		};
/* End PBXGroup section */

/* Begin PBXNativeTarget section */
		8D5B49AC048680CD000E48DA /* XBoxOri */ = {
			isa = PBXNativeTarget;
			buildConfigurationList = 1DEB913A08733D840010E9CD /* Build configuration list for PBXNativeTarget "XBoxOri" */;
			buildPhases = (
				8D5B49AF048680CD000E48DA /* Resources */,
				8D5B49B1048680CD000E48DA /* Sources */,
				8D5B49B3048680CD000E48DA /* Frameworks */,
			);
			buildRules = (
			);
			dependencies = (
			);
			name = XBoxOri;
			productInstallPath = "$(HOME)/Library/Bundles";
			productName = CocoaBundle;
			productReference = 8D5B49B6048680CD000E48DA /* XBoxOri.bundle */;
			productType = "com.apple.product-type.bundle";
		};
/* End PBXNativeTarget section */

/* Begin PBXProject section */
		089C1669FE841209C02AAC07 /* Project object */ = {
			isa = PBXProject;
			attributes = {
			};
			buildConfigurationList = 1DEB913E08733D840010E9CD /* Build configuration list for PBXProject "XBoxOri" */;
			compatibilityVersion = "Xcode 2.4";
			developmentRegion = English;
			hasScannedForEncodings = 1;
			knownRegions = (
				English,
				Japanese,
				French,
				German,
				Italian,
			);
			mainGroup = 089C166AFE841209C02AAC07 /* CocoaBundle */;
			projectDirPath = "";
			projectRoot = "";
			targets = (
				8D5B49AC048680CD000E48DA /* XBoxOri */,
			);
		};
/* End PBXProject section */

/* Begin PBXResourcesBuildPhase section */
		8D5B49AF048680CD000E48DA /* Resources */ = {
			isa = PBXResourcesBuildPhase;
			buildActionMask = 2147483647;
			files = (
				14C3363E0E0BED6300E8813A /* InfoPlist.strings in Resources */,
				14B168E3142335390017A945 /* ic01.png in Resources */,
				14B168E4142335390017A945 /* ic02.png in Resources */,
				14B168E5142335390017A945 /* ic03.png in Resources */,
				143D74D518FBD4BC0098EB5D /* Palette.xib in Resources */,
			);
			runOnlyForDeploymentPostprocessing = 0;
		};
/* End PBXResourcesBuildPhase section */

/* Begin PBXSourcesBuildPhase section */
		8D5B49B1048680CD000E48DA /* Sources */ = {
			isa = PBXSourcesBuildPhase;
			buildActionMask = 2147483647;
			files = (
				14CA54380DF964990080DF70 /* main.cpp in Sources */,
				143C34B01420B010001A9C39 /* bXBoxOri.cpp in Sources */,
				143C34B11420B010001A9C39 /* OriWindowController.mm in Sources */,
			);
			runOnlyForDeploymentPostprocessing = 0;
		};
/* End PBXSourcesBuildPhase section */

/* Begin PBXVariantGroup section */
		14C3363C0E0BED6300E8813A /* InfoPlist.strings */ = {
			isa = PBXVariantGroup;
			children = (
				14C3363D0E0BED6300E8813A /* French */,
				143C35991420DB73001A9C39 /* English */,
				143C359B1420DB73001A9C39 /* Italian */,
			);
			name = InfoPlist.strings;
			sourceTree = "<group>";
		};
/* End PBXVariantGroup section */

/* Begin XCBuildConfiguration section */
		1DEB913C08733D840010E9CD /* Release */ = {
			isa = XCBuildConfiguration;
			buildSettings = {
				ARCHS = "$(ARCHS_STANDARD)";
				FRAMEWORK_SEARCH_PATHS = (
					"$(FRAMEWORK_SEARCH_PATHS_QUOTED_1)",
					"$(LOCAL_LIBRARY_DIR)/Frameworks",
				);
				FRAMEWORK_SEARCH_PATHS_QUOTED_1 = "$(SRCROOT)/../../../../Applis/Current/MacMap®/build/Release";
				GCC_GENERATE_DEBUGGING_SYMBOLS = NO;
				GCC_MODEL_TUNING = G5;
				GCC_OBJC_CALL_CXX_CDTORS = YES;
				GCC_PRECOMPILE_PREFIX_HEADER = NO;
				GCC_PREFIX_HEADER = "";
				GENERATE_PKGINFO_FILE = YES;
				HEADER_SEARCH_PATHS = (
					"$(inherited)",
					"$(SDKROOT)/usr/include/libxml2",
				);
				INFOPLIST_FILE = Info.plist;
				INSTALL_PATH = ../../build;
				OBJROOT = ../../build;
				PRODUCT_NAME = XBoxOri;
				SKIP_INSTALL = YES;
				SYMROOT = ../../build;
				WRAPPER_EXTENSION = bundle;
			};
			name = Release;
		};
		1DEB914008733D840010E9CD /* Release */ = {
			isa = XCBuildConfiguration;
			buildSettings = {
				ARCHS = "$(ARCHS_STANDARD_32_BIT)";
				GCC_WARN_ABOUT_RETURN_TYPE = NO;
				GCC_WARN_UNUSED_VARIABLE = YES;
				OBJROOT = "../../zXCode Div/buildprod";
				PREBINDING = YES;
				SDKROOT = macosx;
				SYMROOT = ../../build;
			};
			name = Release;
		};
/* End XCBuildConfiguration section */

/* Begin XCConfigurationList section */
		1DEB913A08733D840010E9CD /* Build configuration list for PBXNativeTarget "XBoxOri" */ = {
			isa = XCConfigurationList;
			buildConfigurations = (
				1DEB913C08733D840010E9CD /* Release */,
			);
			defaultConfigurationIsVisible = 0;
			defaultConfigurationName = Release;
		};
		1DEB913E08733D840010E9CD /* Build configuration list for PBXProject "XBoxOri" */ = {
			isa = XCConfigurationList;
			buildConfigurations = (
				1DEB914008733D840010E9CD /* Release */,
			);
			defaultConfigurationIsVisible = 0;
			defaultConfigurationName = Release;
		};
/* End XCConfigurationList section */
	};
	rootObject = 089C1669FE841209C02AAC07 /* Project object */;
}
