// !$*UTF8*$!
{
	archiveVersion = 1;
	classes = {
	};
	objectVersion = 42;
	objects = {

/* Begin PBXBuildFile section */
		1487E81B0C993B52003C1450 /* MacMapStats.framework in Frameworks */ = {isa = PBXBuildFile; fileRef = 1487E81A0C993B52003C1450 /* MacMapStats.framework */; };
		1497571308C381270084C913 /* main.h in Headers */ = {isa = PBXBuildFile; fileRef = 1497571208C381270084C913 /* main.h */; };
		149761B208C59D1F00F9E7F8 /* Localizable.strings in Resources */ = {isa = PBXBuildFile; fileRef = 149761B008C59D1F00F9E7F8 /* Localizable.strings */; };
		1497636808C5A59300F9E7F8 /* main.nib in Resources */ = {isa = PBXBuildFile; fileRef = 1497636608C5A59300F9E7F8 /* main.nib */; };
		149764FA08C5AE5700F9E7F8 /* xmap_lib.framework in Frameworks */ = {isa = PBXBuildFile; fileRef = 149764F908C5AE5700F9E7F8 /* xmap_lib.framework */; };
		1499702E0729169F00742B1A /* main.cpp in Sources */ = {isa = PBXBuildFile; fileRef = 1499702D0729169F00742B1A /* main.cpp */; };
		14997030072916AB00742B1A /* XML_Prefix.pch in Headers */ = {isa = PBXBuildFile; fileRef = 1499702F072916AB00742B1A /* XML_Prefix.pch */; };
		14C29AF008C3851700E8920D /* mox_intf.framework in Frameworks */ = {isa = PBXBuildFile; fileRef = 14C29AEB08C3851700E8920D /* mox_intf.framework */; };
		14C29AF108C3851700E8920D /* std_ext.framework in Frameworks */ = {isa = PBXBuildFile; fileRef = 14C29AEC08C3851700E8920D /* std_ext.framework */; };
		14D47AAA099B58A70049248A /* MacMapSuite.framework in Frameworks */ = {isa = PBXBuildFile; fileRef = 14D47AA9099B58A70049248A /* MacMapSuite.framework */; };
		8D01CCCA0486CAD60068D4B7 /* InfoPlist.strings in Resources */ = {isa = PBXBuildFile; fileRef = 089C167DFE841241C02AAC07 /* InfoPlist.strings */; };
		8D01CCCE0486CAD60068D4B7 /* Carbon.framework in Frameworks */ = {isa = PBXBuildFile; fileRef = 08EA7FFBFE8413EDC02AAC07 /* Carbon.framework */; };
/* End PBXBuildFile section */

/* Begin PBXFileReference section */
		08EA7FFBFE8413EDC02AAC07 /* Carbon.framework */ = {isa = PBXFileReference; lastKnownFileType = wrapper.framework; name = Carbon.framework; path = /System/Library/Frameworks/Carbon.framework; sourceTree = "<absolute>"; };
		1420B8EE0D16785D004351F7 /* English */ = {isa = PBXFileReference; fileEncoding = 4; lastKnownFileType = text.plist.strings; name = English; path = English.lproj/InfoPlist.strings; sourceTree = "<group>"; };
		1420B8EF0D16785D004351F7 /* English */ = {isa = PBXFileReference; fileEncoding = 4; lastKnownFileType = text.plist.strings; name = English; path = English.lproj/Localizable.strings; sourceTree = "<group>"; };
		1420B8F00D16785D004351F7 /* English */ = {isa = PBXFileReference; lastKnownFileType = wrapper.nib; name = English; path = English.lproj/main.nib; sourceTree = "<group>"; };
		1487E81A0C993B52003C1450 /* MacMapStats.framework */ = {isa = PBXFileReference; lastKnownFileType = wrapper.framework; name = MacMapStats.framework; path = /Library/Frameworks/MacMapStats.framework; sourceTree = "<absolute>"; };
		1497571208C381270084C913 /* main.h */ = {isa = PBXFileReference; fileEncoding = 4; lastKnownFileType = sourcecode.c.h; path = main.h; sourceTree = "<group>"; };
		149761B108C59D1F00F9E7F8 /* French */ = {isa = PBXFileReference; fileEncoding = 4; lastKnownFileType = text.plist.strings; name = French; path = French.lproj/Localizable.strings; sourceTree = "<group>"; };
		1497636708C5A59300F9E7F8 /* French */ = {isa = PBXFileReference; lastKnownFileType = wrapper.nib; name = French; path = French.lproj/main.nib; sourceTree = "<group>"; };
		149764F908C5AE5700F9E7F8 /* xmap_lib.framework */ = {isa = PBXFileReference; lastKnownFileType = wrapper.framework; name = xmap_lib.framework; path = "../../../../Applis/Current/MacMap®/build/Release/xmap_lib.framework"; sourceTree = SOURCE_ROOT; };
		149970220729167500742B1A /* French */ = {isa = PBXFileReference; fileEncoding = 4; lastKnownFileType = text.plist.strings; name = French; path = French.lproj/InfoPlist.strings; sourceTree = "<group>"; };
		1499702D0729169F00742B1A /* main.cpp */ = {isa = PBXFileReference; fileEncoding = 30; lastKnownFileType = sourcecode.cpp.cpp; path = main.cpp; sourceTree = "<group>"; };
		1499702F072916AB00742B1A /* XML_Prefix.pch */ = {isa = PBXFileReference; fileEncoding = 30; lastKnownFileType = sourcecode.c.h; path = XML_Prefix.pch; sourceTree = "<group>"; };
		14C29AEB08C3851700E8920D /* mox_intf.framework */ = {isa = PBXFileReference; lastKnownFileType = wrapper.framework; name = mox_intf.framework; path = "../../../../Applis/Current/MacMap®/build/Release/mox_intf.framework"; sourceTree = SOURCE_ROOT; };
		14C29AEC08C3851700E8920D /* std_ext.framework */ = {isa = PBXFileReference; lastKnownFileType = wrapper.framework; name = std_ext.framework; path = "../../../../Applis/Current/MacMap®/build/Release/std_ext.framework"; sourceTree = SOURCE_ROOT; };
		14D47AA9099B58A70049248A /* MacMapSuite.framework */ = {isa = PBXFileReference; lastKnownFileType = wrapper.framework; name = MacMapSuite.framework; path = /Library/Frameworks/MacMapSuite.framework; sourceTree = "<absolute>"; };
		14D5CA110CD207FE0003D1AA /* Italian */ = {isa = PBXFileReference; fileEncoding = 4; lastKnownFileType = text.plist.strings; name = Italian; path = Italian.lproj/InfoPlist.strings; sourceTree = "<group>"; };
		14D5CA120CD207FE0003D1AA /* Italian */ = {isa = PBXFileReference; fileEncoding = 4; lastKnownFileType = text.plist.strings; name = Italian; path = Italian.lproj/Localizable.strings; sourceTree = "<group>"; };
		14D5CA130CD207FE0003D1AA /* Italian */ = {isa = PBXFileReference; lastKnownFileType = wrapper.nib; name = Italian; path = Italian.lproj/main.nib; sourceTree = "<group>"; };
		8D01CCD10486CAD60068D4B7 /* Info.plist */ = {isa = PBXFileReference; fileEncoding = 4; lastKnownFileType = text.plist; path = Info.plist; sourceTree = "<group>"; };
		8D01CCD20486CAD60068D4B7 /* ToolMenuConfig.bundle */ = {isa = PBXFileReference; explicitFileType = wrapper.cfbundle; includeInIndex = 0; path = ToolMenuConfig.bundle; sourceTree = BUILT_PRODUCTS_DIR; };
/* End PBXFileReference section */

/* Begin PBXFrameworksBuildPhase section */
		8D01CCCD0486CAD60068D4B7 /* Frameworks */ = {
			isa = PBXFrameworksBuildPhase;
			buildActionMask = 2147483647;
			files = (
				8D01CCCE0486CAD60068D4B7 /* Carbon.framework in Frameworks */,
				14C29AF008C3851700E8920D /* mox_intf.framework in Frameworks */,
				14C29AF108C3851700E8920D /* std_ext.framework in Frameworks */,
				149764FA08C5AE5700F9E7F8 /* xmap_lib.framework in Frameworks */,
				14D47AAA099B58A70049248A /* MacMapSuite.framework in Frameworks */,
				1487E81B0C993B52003C1450 /* MacMapStats.framework in Frameworks */,
			);
			runOnlyForDeploymentPostprocessing = 0;
		};
/* End PBXFrameworksBuildPhase section */

/* Begin PBXGroup section */
		089C166AFE841209C02AAC07 /* Template */ = {
			isa = PBXGroup;
			children = (
				08FB77ADFE841716C02AAC07 /* Source */,
				089C167CFE841241C02AAC07 /* Resources */,
				089C1671FE841209C02AAC07 /* External Frameworks and Libraries */,
				19C28FB4FE9D528D11CA2CBB /* Products */,
			);
			name = Template;
			sourceTree = "<group>";
		};
		089C1671FE841209C02AAC07 /* External Frameworks and Libraries */ = {
			isa = PBXGroup;
			children = (
				1487E81A0C993B52003C1450 /* MacMapStats.framework */,
				14D47AA9099B58A70049248A /* MacMapSuite.framework */,
				14C29AEB08C3851700E8920D /* mox_intf.framework */,
				14C29AEC08C3851700E8920D /* std_ext.framework */,
				149764F908C5AE5700F9E7F8 /* xmap_lib.framework */,
				08EA7FFBFE8413EDC02AAC07 /* Carbon.framework */,
			);
			name = "External Frameworks and Libraries";
			sourceTree = "<group>";
		};
		089C167CFE841241C02AAC07 /* Resources */ = {
			isa = PBXGroup;
			children = (
				8D01CCD10486CAD60068D4B7 /* Info.plist */,
				089C167DFE841241C02AAC07 /* InfoPlist.strings */,
				149761B008C59D1F00F9E7F8 /* Localizable.strings */,
				1497636608C5A59300F9E7F8 /* main.nib */,
			);
			name = Resources;
			sourceTree = "<group>";
		};
		08FB77ADFE841716C02AAC07 /* Source */ = {
			isa = PBXGroup;
			children = (
				1499702F072916AB00742B1A /* XML_Prefix.pch */,
				1499702D0729169F00742B1A /* main.cpp */,
				1497571208C381270084C913 /* main.h */,
			);
			name = Source;
			sourceTree = "<group>";
		};
		19C28FB4FE9D528D11CA2CBB /* Products */ = {
			isa = PBXGroup;
			children = (
				8D01CCD20486CAD60068D4B7 /* ToolMenuConfig.bundle */,
			);
			name = Products;
			sourceTree = "<group>";
		};
/* End PBXGroup section */

/* Begin PBXHeadersBuildPhase section */
		8D01CCC70486CAD60068D4B7 /* Headers */ = {
			isa = PBXHeadersBuildPhase;
			buildActionMask = 2147483647;
			files = (
				14997030072916AB00742B1A /* XML_Prefix.pch in Headers */,
				1497571308C381270084C913 /* main.h in Headers */,
			);
			runOnlyForDeploymentPostprocessing = 0;
		};
/* End PBXHeadersBuildPhase section */

/* Begin PBXNativeTarget section */
		8D01CCC60486CAD60068D4B7 /* ToolMenuConfig */ = {
			isa = PBXNativeTarget;
			buildConfigurationList = 1497562008C380AF0084C913 /* Build configuration list for PBXNativeTarget "ToolMenuConfig" */;
			buildPhases = (
				8D01CCC70486CAD60068D4B7 /* Headers */,
				8D01CCC90486CAD60068D4B7 /* Resources */,
				8D01CCCB0486CAD60068D4B7 /* Sources */,
				8D01CCCD0486CAD60068D4B7 /* Frameworks */,
				8D01CCCF0486CAD60068D4B7 /* Rez */,
			);
			buildRules = (
			);
			dependencies = (
			);
			name = ToolMenuConfig;
			productInstallPath = "$(HOME)/Library/Bundles";
			productName = Template;
			productReference = 8D01CCD20486CAD60068D4B7 /* ToolMenuConfig.bundle */;
			productType = "com.apple.product-type.bundle";
		};
/* End PBXNativeTarget section */

/* Begin PBXProject section */
		089C1669FE841209C02AAC07 /* Project object */ = {
			isa = PBXProject;
			attributes = {
			};
			buildConfigurationList = 1497562408C380AF0084C913 /* Build configuration list for PBXProject "ToolMenuConfig" */;
			compatibilityVersion = "Xcode 2.4";
			developmentRegion = English;
			hasScannedForEncodings = 1;
			knownRegions = (
				English,
				Japanese,
				French,
				German,
				Italian,
				Spanish,
			);
			mainGroup = 089C166AFE841209C02AAC07 /* Template */;
			projectDirPath = "";
			projectRoot = "";
			targets = (
				8D01CCC60486CAD60068D4B7 /* ToolMenuConfig */,
			);
		};
/* End PBXProject section */

/* Begin PBXResourcesBuildPhase section */
		8D01CCC90486CAD60068D4B7 /* Resources */ = {
			isa = PBXResourcesBuildPhase;
			buildActionMask = 2147483647;
			files = (
				8D01CCCA0486CAD60068D4B7 /* InfoPlist.strings in Resources */,
				149761B208C59D1F00F9E7F8 /* Localizable.strings in Resources */,
				1497636808C5A59300F9E7F8 /* main.nib in Resources */,
			);
			runOnlyForDeploymentPostprocessing = 0;
		};
/* End PBXResourcesBuildPhase section */

/* Begin PBXRezBuildPhase section */
		8D01CCCF0486CAD60068D4B7 /* Rez */ = {
			isa = PBXRezBuildPhase;
			buildActionMask = 2147483647;
			files = (
			);
			runOnlyForDeploymentPostprocessing = 0;
		};
/* End PBXRezBuildPhase section */

/* Begin PBXSourcesBuildPhase section */
		8D01CCCB0486CAD60068D4B7 /* Sources */ = {
			isa = PBXSourcesBuildPhase;
			buildActionMask = 2147483647;
			files = (
				1499702E0729169F00742B1A /* main.cpp in Sources */,
			);
			runOnlyForDeploymentPostprocessing = 0;
		};
/* End PBXSourcesBuildPhase section */

/* Begin PBXVariantGroup section */
		089C167DFE841241C02AAC07 /* InfoPlist.strings */ = {
			isa = PBXVariantGroup;
			children = (
				149970220729167500742B1A /* French */,
				14D5CA110CD207FE0003D1AA /* Italian */,
				1420B8EE0D16785D004351F7 /* English */,
			);
			name = InfoPlist.strings;
			sourceTree = "<group>";
		};
		149761B008C59D1F00F9E7F8 /* Localizable.strings */ = {
			isa = PBXVariantGroup;
			children = (
				149761B108C59D1F00F9E7F8 /* French */,
				14D5CA120CD207FE0003D1AA /* Italian */,
				1420B8EF0D16785D004351F7 /* English */,
			);
			name = Localizable.strings;
			sourceTree = SOURCE_ROOT;
		};
		1497636608C5A59300F9E7F8 /* main.nib */ = {
			isa = PBXVariantGroup;
			children = (
				1497636708C5A59300F9E7F8 /* French */,
				14D5CA130CD207FE0003D1AA /* Italian */,
				1420B8F00D16785D004351F7 /* English */,
			);
			name = main.nib;
			sourceTree = "<group>";
		};
/* End PBXVariantGroup section */

/* Begin XCBuildConfiguration section */
		1497562208C380AF0084C913 /* Release */ = {
			isa = XCBuildConfiguration;
			buildSettings = {
				ARCHS = "$(ARCHS_STANDARD_32_BIT)";
				COPY_PHASE_STRIP = YES;
				DEPLOYMENT_LOCATION = NO;
				FRAMEWORK_SEARCH_PATHS = (
					"$(FRAMEWORK_SEARCH_PATHS_QUOTED_1)",
					"$(LOCAL_LIBRARY_DIR)/Frameworks",
				);
				FRAMEWORK_SEARCH_PATHS_QUOTED_1 = "$(SRCROOT)/../../../../Applis/Current/MacMap®/build/Release";
				GCC_ENABLE_FIX_AND_CONTINUE = NO;
				GCC_ENABLE_TRIGRAPHS = NO;
				GCC_GENERATE_DEBUGGING_SYMBOLS = NO;
				GCC_PRECOMPILE_PREFIX_HEADER = YES;
				GCC_PREFIX_HEADER = XML_Prefix.pch;
				GCC_WARN_ABOUT_MISSING_PROTOTYPES = NO;
				GCC_WARN_FOUR_CHARACTER_CONSTANTS = NO;
				GCC_WARN_UNKNOWN_PRAGMAS = NO;
				GENERATE_PKGINFO_FILE = YES;
				HEADER_SEARCH_PATHS = (
					"$(inherited)",
					"$(SDKROOT)/usr/include/libxml2",
				);
				INFOPLIST_FILE = Info.plist;
				INSTALL_PATH = ../../build;
				LIBRARY_SEARCH_PATHS = "";
				LIBRARY_STYLE = Bundle;
				OBJROOT = ../../build;
				OTHER_CFLAGS = "";
				OTHER_LDFLAGS = "";
				OTHER_REZFLAGS = "";
				PRODUCT_NAME = ToolMenuConfig;
				SECTORDER_FLAGS = "";
				SKIP_INSTALL = YES;
				SYMROOT = ../../build;
				WARNING_CFLAGS = (
					"-Wmost",
					"-Wno-four-char-constants",
					"-Wno-unknown-pragmas",
				);
				WRAPPER_EXTENSION = bundle;
				ZERO_LINK = NO;
			};
			name = Release;
		};
		1497562608C380AF0084C913 /* Release */ = {
			isa = XCBuildConfiguration;
			buildSettings = {
				ARCHS = "$(ARCHS_STANDARD_32_BIT)";
				SDKROOT = macosx10.8;
			};
			name = Release;
		};
/* End XCBuildConfiguration section */

/* Begin XCConfigurationList section */
		1497562008C380AF0084C913 /* Build configuration list for PBXNativeTarget "ToolMenuConfig" */ = {
			isa = XCConfigurationList;
			buildConfigurations = (
				1497562208C380AF0084C913 /* Release */,
			);
			defaultConfigurationIsVisible = 0;
			defaultConfigurationName = Release;
		};
		1497562408C380AF0084C913 /* Build configuration list for PBXProject "ToolMenuConfig" */ = {
			isa = XCConfigurationList;
			buildConfigurations = (
				1497562608C380AF0084C913 /* Release */,
			);
			defaultConfigurationIsVisible = 0;
			defaultConfigurationName = Release;
		};
/* End XCConfigurationList section */
	};
	rootObject = 089C1669FE841209C02AAC07 /* Project object */;
}
