// !$*UTF8*$!
{
	archiveVersion = 1;
	classes = {
	};
	objectVersion = 42;
	objects = {

/* Begin PBXBuildFile section */
		140DDCA2099BA7140089C24B /* MacMapSuite.framework in Frameworks */ = {isa = PBXBuildFile; fileRef = 140DDCA1099BA7140089C24B /* MacMapSuite.framework */; };
		1417A9EC0C4617B90066091D /* HotSpot.strings in Resources */ = {isa = PBXBuildFile; fileRef = 1417A9E90C4617B90066091D /* HotSpot.strings */; };
		1417A9ED0C4617B90066091D /* StdCursor.png in Resources */ = {isa = PBXBuildFile; fileRef = 1417A9EA0C4617B90066091D /* StdCursor.png */; };
		1417A9EE0C4617B90066091D /* StdSymb.png in Resources */ = {isa = PBXBuildFile; fileRef = 1417A9EB0C4617B90066091D /* StdSymb.png */; };
		1497571308C381270084C913 /* main.h in Headers */ = {isa = PBXBuildFile; fileRef = 1497571208C381270084C913 /* main.h */; };
		1497636A08C5A5A900F9E7F8 /* tool_lib.framework in Frameworks */ = {isa = PBXBuildFile; fileRef = 1497636908C5A5A900F9E7F8 /* tool_lib.framework */; };
		1499702E0729169F00742B1A /* main.cpp in Sources */ = {isa = PBXBuildFile; fileRef = 1499702D0729169F00742B1A /* main.cpp */; };
		14ABC70E1E8A730700BCE855 /* bToolCreate.cpp in Sources */ = {isa = PBXBuildFile; fileRef = 14ABC7081E8A730700BCE855 /* bToolCreate.cpp */; };
		14ABC70F1E8A730700BCE855 /* bToolCreate.h in Headers */ = {isa = PBXBuildFile; fileRef = 14ABC7091E8A730700BCE855 /* bToolCreate.h */; };
		14ABC7101E8A730700BCE855 /* CocoaBundle_Prefix.pch in Headers */ = {isa = PBXBuildFile; fileRef = 14ABC70A1E8A730700BCE855 /* CocoaBundle_Prefix.pch */; };
		14ABC7111E8A730700BCE855 /* CocoaStuff.h in Headers */ = {isa = PBXBuildFile; fileRef = 14ABC70B1E8A730700BCE855 /* CocoaStuff.h */; };
		14ABC7121E8A730700BCE855 /* ToolCreateWindowController.h in Headers */ = {isa = PBXBuildFile; fileRef = 14ABC70C1E8A730700BCE855 /* ToolCreateWindowController.h */; };
		14ABC7131E8A730700BCE855 /* ToolCreateWindowController.mm in Sources */ = {isa = PBXBuildFile; fileRef = 14ABC70D1E8A730700BCE855 /* ToolCreateWindowController.mm */; };
		14ABC71A1E8A732300BCE855 /* InfoPlist.strings in Resources */ = {isa = PBXBuildFile; fileRef = 14ABC7141E8A732300BCE855 /* InfoPlist.strings */; };
		14ABC71C1E8A732300BCE855 /* Palette.xib in Resources */ = {isa = PBXBuildFile; fileRef = 14ABC7181E8A732300BCE855 /* Palette.xib */; };
		14ABC7221E8A744F00BCE855 /* Cocoa.framework in Frameworks */ = {isa = PBXBuildFile; fileRef = 14ABC7211E8A744F00BCE855 /* Cocoa.framework */; };
		14C29AF008C3851700E8920D /* mox_intf.framework in Frameworks */ = {isa = PBXBuildFile; fileRef = 14C29AEB08C3851700E8920D /* mox_intf.framework */; };
		14C29AF108C3851700E8920D /* std_ext.framework in Frameworks */ = {isa = PBXBuildFile; fileRef = 14C29AEC08C3851700E8920D /* std_ext.framework */; };
		8D01CCCE0486CAD60068D4B7 /* Carbon.framework in Frameworks */ = {isa = PBXBuildFile; fileRef = 08EA7FFBFE8413EDC02AAC07 /* Carbon.framework */; };
/* End PBXBuildFile section */

/* Begin PBXFileReference section */
		08EA7FFBFE8413EDC02AAC07 /* Carbon.framework */ = {isa = PBXFileReference; lastKnownFileType = wrapper.framework; name = Carbon.framework; path = /System/Library/Frameworks/Carbon.framework; sourceTree = "<absolute>"; };
		140DDCA1099BA7140089C24B /* MacMapSuite.framework */ = {isa = PBXFileReference; lastKnownFileType = wrapper.framework; name = MacMapSuite.framework; path = /Library/Frameworks/MacMapSuite.framework; sourceTree = "<absolute>"; };
		1417A9E90C4617B90066091D /* HotSpot.strings */ = {isa = PBXFileReference; fileEncoding = 4; lastKnownFileType = text.plist.strings; path = HotSpot.strings; sourceTree = "<group>"; };
		1417A9EA0C4617B90066091D /* StdCursor.png */ = {isa = PBXFileReference; lastKnownFileType = image.png; path = StdCursor.png; sourceTree = "<group>"; };
		1417A9EB0C4617B90066091D /* StdSymb.png */ = {isa = PBXFileReference; lastKnownFileType = image.png; path = StdSymb.png; sourceTree = "<group>"; };
		1497571208C381270084C913 /* main.h */ = {isa = PBXFileReference; fileEncoding = 4; lastKnownFileType = sourcecode.c.h; path = main.h; sourceTree = "<group>"; };
		1497636908C5A5A900F9E7F8 /* tool_lib.framework */ = {isa = PBXFileReference; lastKnownFileType = wrapper.framework; name = tool_lib.framework; path = "../../../../Applis/Current/MacMap®/build/Release/tool_lib.framework"; sourceTree = SOURCE_ROOT; };
		1499702D0729169F00742B1A /* main.cpp */ = {isa = PBXFileReference; fileEncoding = 30; lastKnownFileType = sourcecode.cpp.cpp; path = main.cpp; sourceTree = "<group>"; };
		14ABC7081E8A730700BCE855 /* bToolCreate.cpp */ = {isa = PBXFileReference; fileEncoding = 4; lastKnownFileType = sourcecode.cpp.cpp; path = bToolCreate.cpp; sourceTree = "<group>"; };
		14ABC7091E8A730700BCE855 /* bToolCreate.h */ = {isa = PBXFileReference; fileEncoding = 4; lastKnownFileType = sourcecode.c.h; path = bToolCreate.h; sourceTree = "<group>"; };
		14ABC70A1E8A730700BCE855 /* CocoaBundle_Prefix.pch */ = {isa = PBXFileReference; fileEncoding = 4; lastKnownFileType = sourcecode.c.h; path = CocoaBundle_Prefix.pch; sourceTree = "<group>"; };
		14ABC70B1E8A730700BCE855 /* CocoaStuff.h */ = {isa = PBXFileReference; fileEncoding = 4; lastKnownFileType = sourcecode.c.h; path = CocoaStuff.h; sourceTree = "<group>"; };
		14ABC70C1E8A730700BCE855 /* ToolCreateWindowController.h */ = {isa = PBXFileReference; fileEncoding = 4; lastKnownFileType = sourcecode.c.h; path = ToolCreateWindowController.h; sourceTree = "<group>"; };
		14ABC70D1E8A730700BCE855 /* ToolCreateWindowController.mm */ = {isa = PBXFileReference; fileEncoding = 4; lastKnownFileType = sourcecode.cpp.objcpp; path = ToolCreateWindowController.mm; sourceTree = "<group>"; };
		14ABC7151E8A732300BCE855 /* fr */ = {isa = PBXFileReference; fileEncoding = 4; lastKnownFileType = text.plist.strings; name = fr; path = fr.lproj/InfoPlist.strings; sourceTree = "<group>"; };
		14ABC7191E8A732300BCE855 /* fr */ = {isa = PBXFileReference; lastKnownFileType = file.xib; name = fr; path = fr.lproj/Palette.xib; sourceTree = "<group>"; };
		14ABC71D1E8A733500BCE855 /* en */ = {isa = PBXFileReference; lastKnownFileType = file.xib; name = en; path = en.lproj/Palette.xib; sourceTree = "<group>"; };
		14ABC71E1E8A733700BCE855 /* it */ = {isa = PBXFileReference; lastKnownFileType = file.xib; name = it; path = it.lproj/Palette.xib; sourceTree = "<group>"; };
		14ABC71F1E8A734700BCE855 /* en */ = {isa = PBXFileReference; fileEncoding = 4; lastKnownFileType = text.plist.strings; name = en; path = en.lproj/InfoPlist.strings; sourceTree = "<group>"; };
		14ABC7201E8A734A00BCE855 /* it */ = {isa = PBXFileReference; lastKnownFileType = text.plist.strings; name = it; path = it.lproj/InfoPlist.strings; sourceTree = "<group>"; };
		14ABC7211E8A744F00BCE855 /* Cocoa.framework */ = {isa = PBXFileReference; lastKnownFileType = wrapper.framework; name = Cocoa.framework; path = System/Library/Frameworks/Cocoa.framework; sourceTree = SDKROOT; };
		14C29AEB08C3851700E8920D /* mox_intf.framework */ = {isa = PBXFileReference; lastKnownFileType = wrapper.framework; name = mox_intf.framework; path = "../../../../Applis/Current/MacMap®/build/Release/mox_intf.framework"; sourceTree = SOURCE_ROOT; };
		14C29AEC08C3851700E8920D /* std_ext.framework */ = {isa = PBXFileReference; lastKnownFileType = wrapper.framework; name = std_ext.framework; path = "../../../../Applis/Current/MacMap®/build/Release/std_ext.framework"; sourceTree = SOURCE_ROOT; };
		8D01CCD10486CAD60068D4B7 /* Info.plist */ = {isa = PBXFileReference; fileEncoding = 4; lastKnownFileType = text.plist; path = Info.plist; sourceTree = "<group>"; };
		8D01CCD20486CAD60068D4B7 /* ToolCreate.bundle */ = {isa = PBXFileReference; explicitFileType = wrapper.cfbundle; includeInIndex = 0; path = ToolCreate.bundle; sourceTree = BUILT_PRODUCTS_DIR; };
/* End PBXFileReference section */

/* Begin PBXFrameworksBuildPhase section */
		8D01CCCD0486CAD60068D4B7 /* Frameworks */ = {
			isa = PBXFrameworksBuildPhase;
			buildActionMask = 2147483647;
			files = (
				14ABC7221E8A744F00BCE855 /* Cocoa.framework in Frameworks */,
				8D01CCCE0486CAD60068D4B7 /* Carbon.framework in Frameworks */,
				140DDCA2099BA7140089C24B /* MacMapSuite.framework in Frameworks */,
				14C29AF008C3851700E8920D /* mox_intf.framework in Frameworks */,
				14C29AF108C3851700E8920D /* std_ext.framework in Frameworks */,
				1497636A08C5A5A900F9E7F8 /* tool_lib.framework in Frameworks */,
			);
			runOnlyForDeploymentPostprocessing = 0;
		};
/* End PBXFrameworksBuildPhase section */

/* Begin PBXGroup section */
		089C166AFE841209C02AAC07 /* Template */ = {
			isa = PBXGroup;
			children = (
				08FB77ADFE841716C02AAC07 /* Source */,
				089C167CFE841241C02AAC07 /* Resources */,
				089C1671FE841209C02AAC07 /* External Frameworks and Libraries */,
				19C28FB4FE9D528D11CA2CBB /* Products */,
			);
			name = Template;
			sourceTree = "<group>";
		};
		089C1671FE841209C02AAC07 /* External Frameworks and Libraries */ = {
			isa = PBXGroup;
			children = (
				14ABC7211E8A744F00BCE855 /* Cocoa.framework */,
				08EA7FFBFE8413EDC02AAC07 /* Carbon.framework */,
				140DDCA1099BA7140089C24B /* MacMapSuite.framework */,
				14C29AEB08C3851700E8920D /* mox_intf.framework */,
				14C29AEC08C3851700E8920D /* std_ext.framework */,
				1497636908C5A5A900F9E7F8 /* tool_lib.framework */,
			);
			name = "External Frameworks and Libraries";
			sourceTree = "<group>";
		};
		089C167CFE841241C02AAC07 /* Resources */ = {
			isa = PBXGroup;
			children = (
				8D01CCD10486CAD60068D4B7 /* Info.plist */,
				14ABC7141E8A732300BCE855 /* InfoPlist.strings */,
				14ABC7181E8A732300BCE855 /* Palette.xib */,
				1417A9E90C4617B90066091D /* HotSpot.strings */,
				1417A9EA0C4617B90066091D /* StdCursor.png */,
				1417A9EB0C4617B90066091D /* StdSymb.png */,
			);
			name = Resources;
			sourceTree = "<group>";
		};
		08FB77ADFE841716C02AAC07 /* Source */ = {
			isa = PBXGroup;
			children = (
				14ABC7081E8A730700BCE855 /* bToolCreate.cpp */,
				14ABC7091E8A730700BCE855 /* bToolCreate.h */,
				14ABC70C1E8A730700BCE855 /* ToolCreateWindowController.h */,
				14ABC70D1E8A730700BCE855 /* ToolCreateWindowController.mm */,
				14ABC70A1E8A730700BCE855 /* CocoaBundle_Prefix.pch */,
				14ABC70B1E8A730700BCE855 /* CocoaStuff.h */,
				1499702D0729169F00742B1A /* main.cpp */,
				1497571208C381270084C913 /* main.h */,
			);
			name = Source;
			sourceTree = "<group>";
		};
		19C28FB4FE9D528D11CA2CBB /* Products */ = {
			isa = PBXGroup;
			children = (
				8D01CCD20486CAD60068D4B7 /* ToolCreate.bundle */,
			);
			name = Products;
			sourceTree = "<group>";
		};
/* End PBXGroup section */

/* Begin PBXHeadersBuildPhase section */
		8D01CCC70486CAD60068D4B7 /* Headers */ = {
			isa = PBXHeadersBuildPhase;
			buildActionMask = 2147483647;
			files = (
				14ABC70F1E8A730700BCE855 /* bToolCreate.h in Headers */,
				14ABC7111E8A730700BCE855 /* CocoaStuff.h in Headers */,
				1497571308C381270084C913 /* main.h in Headers */,
				14ABC7121E8A730700BCE855 /* ToolCreateWindowController.h in Headers */,
				14ABC7101E8A730700BCE855 /* CocoaBundle_Prefix.pch in Headers */,
			);
			runOnlyForDeploymentPostprocessing = 0;
		};
/* End PBXHeadersBuildPhase section */

/* Begin PBXNativeTarget section */
		8D01CCC60486CAD60068D4B7 /* ToolCreate */ = {
			isa = PBXNativeTarget;
			buildConfigurationList = 1497562008C380AF0084C913 /* Build configuration list for PBXNativeTarget "ToolCreate" */;
			buildPhases = (
				8D01CCC70486CAD60068D4B7 /* Headers */,
				8D01CCC90486CAD60068D4B7 /* Resources */,
				8D01CCCB0486CAD60068D4B7 /* Sources */,
				8D01CCCD0486CAD60068D4B7 /* Frameworks */,
				8D01CCCF0486CAD60068D4B7 /* Rez */,
			);
			buildRules = (
			);
			dependencies = (
			);
			name = ToolCreate;
			productInstallPath = "$(HOME)/Library/Bundles";
			productName = Template;
			productReference = 8D01CCD20486CAD60068D4B7 /* ToolCreate.bundle */;
			productType = "com.apple.product-type.bundle";
		};
/* End PBXNativeTarget section */

/* Begin PBXProject section */
		089C1669FE841209C02AAC07 /* Project object */ = {
			isa = PBXProject;
			attributes = {
			};
			buildConfigurationList = 1497562408C380AF0084C913 /* Build configuration list for PBXProject "ToolCreate" */;
			compatibilityVersion = "Xcode 2.4";
			developmentRegion = English;
			hasScannedForEncodings = 1;
			knownRegions = (
				English,
				Japanese,
				French,
				German,
				Italian,
				Spanish,
				fr,
			);
			mainGroup = 089C166AFE841209C02AAC07 /* Template */;
			projectDirPath = "";
			projectRoot = "";
			targets = (
				8D01CCC60486CAD60068D4B7 /* ToolCreate */,
			);
		};
/* End PBXProject section */

/* Begin PBXResourcesBuildPhase section */
		8D01CCC90486CAD60068D4B7 /* Resources */ = {
			isa = PBXResourcesBuildPhase;
			buildActionMask = 2147483647;
			files = (
				14ABC71C1E8A732300BCE855 /* Palette.xib in Resources */,
				1417A9EC0C4617B90066091D /* HotSpot.strings in Resources */,
				14ABC71A1E8A732300BCE855 /* InfoPlist.strings in Resources */,
				1417A9ED0C4617B90066091D /* StdCursor.png in Resources */,
				1417A9EE0C4617B90066091D /* StdSymb.png in Resources */,
			);
			runOnlyForDeploymentPostprocessing = 0;
		};
/* End PBXResourcesBuildPhase section */

/* Begin PBXRezBuildPhase section */
		8D01CCCF0486CAD60068D4B7 /* Rez */ = {
			isa = PBXRezBuildPhase;
			buildActionMask = 2147483647;
			files = (
			);
			runOnlyForDeploymentPostprocessing = 0;
		};
/* End PBXRezBuildPhase section */

/* Begin PBXSourcesBuildPhase section */
		8D01CCCB0486CAD60068D4B7 /* Sources */ = {
			isa = PBXSourcesBuildPhase;
			buildActionMask = 2147483647;
			files = (
				14ABC70E1E8A730700BCE855 /* bToolCreate.cpp in Sources */,
				1499702E0729169F00742B1A /* main.cpp in Sources */,
				14ABC7131E8A730700BCE855 /* ToolCreateWindowController.mm in Sources */,
			);
			runOnlyForDeploymentPostprocessing = 0;
		};
/* End PBXSourcesBuildPhase section */

/* Begin PBXVariantGroup section */
		14ABC7141E8A732300BCE855 /* InfoPlist.strings */ = {
			isa = PBXVariantGroup;
			children = (
				14ABC7151E8A732300BCE855 /* fr */,
				14ABC71F1E8A734700BCE855 /* en */,
				14ABC7201E8A734A00BCE855 /* it */,
			);
			name = InfoPlist.strings;
			sourceTree = "<group>";
		};
		14ABC7181E8A732300BCE855 /* Palette.xib */ = {
			isa = PBXVariantGroup;
			children = (
				14ABC7191E8A732300BCE855 /* fr */,
				14ABC71D1E8A733500BCE855 /* en */,
				14ABC71E1E8A733700BCE855 /* it */,
			);
			name = Palette.xib;
			sourceTree = "<group>";
		};
/* End PBXVariantGroup section */

/* Begin XCBuildConfiguration section */
		1497562208C380AF0084C913 /* Release */ = {
			isa = XCBuildConfiguration;
			buildSettings = {
				ARCHS = "$(ARCHS_STANDARD_32_BIT)";
				COPY_PHASE_STRIP = YES;
				DEPLOYMENT_LOCATION = NO;
				FRAMEWORK_SEARCH_PATHS = (
					"$(LOCAL_LIBRARY_DIR)/Frameworks",
					"/Users/benoit/Encours/MacMap2005/Sources/Applis/Current/MacMap®/build/Release",
				);
				GCC_ENABLE_FIX_AND_CONTINUE = NO;
				GCC_ENABLE_TRIGRAPHS = NO;
				GCC_GENERATE_DEBUGGING_SYMBOLS = NO;
				GCC_PRECOMPILE_PREFIX_HEADER = YES;
				GCC_PREFIX_HEADER = CocoaBundle_Prefix.pch;
				GCC_WARN_ABOUT_MISSING_PROTOTYPES = NO;
				GCC_WARN_FOUR_CHARACTER_CONSTANTS = NO;
				GCC_WARN_UNKNOWN_PRAGMAS = NO;
				GENERATE_PKGINFO_FILE = YES;
				HEADER_SEARCH_PATHS = (
					"$(inherited)",
					"$(SDKROOT)/usr/include/libxml2",
				);
				INFOPLIST_FILE = Info.plist;
				INSTALL_PATH = ../../build;
				LIBRARY_SEARCH_PATHS = "";
				LIBRARY_STYLE = Bundle;
				OBJROOT = ../../build;
				OTHER_CFLAGS = "";
				OTHER_LDFLAGS = "";
				PRODUCT_NAME = ToolCreate;
				SECTORDER_FLAGS = "";
				SKIP_INSTALL = YES;
				SYMROOT = ../../build;
				WARNING_CFLAGS = (
					"-Wmost",
					"-Wno-four-char-constants",
					"-Wno-unknown-pragmas",
				);
				WRAPPER_EXTENSION = bundle;
				ZERO_LINK = NO;
			};
			name = Release;
		};
		1497562608C380AF0084C913 /* Release */ = {
			isa = XCBuildConfiguration;
			buildSettings = {
				ARCHS = "$(ARCHS_STANDARD_32_BIT)";
				SDKROOT = macosx10.8;
			};
			name = Release;
		};
/* End XCBuildConfiguration section */

/* Begin XCConfigurationList section */
		1497562008C380AF0084C913 /* Build configuration list for PBXNativeTarget "ToolCreate" */ = {
			isa = XCConfigurationList;
			buildConfigurations = (
				1497562208C380AF0084C913 /* Release */,
			);
			defaultConfigurationIsVisible = 0;
			defaultConfigurationName = Release;
		};
		1497562408C380AF0084C913 /* Build configuration list for PBXProject "ToolCreate" */ = {
			isa = XCConfigurationList;
			buildConfigurations = (
				1497562608C380AF0084C913 /* Release */,
			);
			defaultConfigurationIsVisible = 0;
			defaultConfigurationName = Release;
		};
/* End XCConfigurationList section */
	};
	rootObject = 089C1669FE841209C02AAC07 /* Project object */;
}
